{
  "version": 4,
  "terraform_version": "1.10.5",
  "serial": 301,
  "lineage": "7c38ff84-adc9-1ffc-69b7-fdec0ac7f55a",
  "outputs": {},
  "resources": [
    {
      "module": "module.cluster",
      "mode": "managed",
      "type": "azurerm_kubernetes_cluster",
      "name": "aks",
      "provider": "provider[\"registry.terraform.io/hashicorp/azurerm\"]",
      "instances": [
        {
          "index_key": "aks1",
          "status": "tainted",
          "schema_version": 2,
          "attributes": {
            "aci_connector_linux": [],
            "api_server_access_profile": [],
            "auto_scaler_profile": null,
            "automatic_upgrade_channel": null,
            "azure_active_directory_role_based_access_control": [],
            "azure_policy_enabled": null,
            "bootstrap_profile": null,
            "confidential_computing": [],
            "cost_analysis_enabled": null,
            "current_kubernetes_version": null,
            "custom_ca_trust_certificates_base64": null,
            "default_node_pool": [
              {
                "auto_scaling_enabled": false,
                "capacity_reservation_group_id": "",
                "fips_enabled": false,
                "gpu_driver": "",
                "gpu_instance": "",
                "host_encryption_enabled": false,
                "host_group_id": "",
                "kubelet_config": [],
                "kubelet_disk_type": "",
                "linux_os_config": [],
                "max_count": 0,
                "max_pods": 0,
                "min_count": 0,
                "name": "systempool",
                "node_count": 2,
                "node_labels": {},
                "node_network_profile": [],
                "node_public_ip_enabled": false,
                "node_public_ip_prefix_id": "",
                "only_critical_addons_enabled": false,
                "orchestrator_version": "",
                "os_disk_size_gb": 0,
                "os_disk_type": "Managed",
                "os_sku": "",
                "pod_subnet_id": "",
                "proximity_placement_group_id": "",
                "scale_down_mode": "Delete",
                "snapshot_id": "",
                "tags": null,
                "temporary_name_for_rotation": "",
                "type": "VirtualMachineScaleSets",
                "ultra_ssd_enabled": false,
                "upgrade_settings": [],
                "vm_size": "Standard_b2s",
                "vnet_subnet_id": "",
                "workload_runtime": "",
                "zones": null
              }
            ],
            "disk_encryption_set_id": null,
            "dns_prefix": "prodaks",
            "dns_prefix_private_cluster": null,
            "edge_zone": null,
            "fqdn": null,
            "http_application_routing_enabled": null,
            "http_application_routing_zone_name": null,
            "http_proxy_config": [],
            "id": "/subscriptions/b107b989-85d9-4402-94e8-40ae932b8893/resourceGroups/xyz/providers/Microsoft.ContainerService/managedClusters/prod-aks",
            "identity": [
              {
                "identity_ids": null,
                "principal_id": "",
                "tenant_id": "",
                "type": "SystemAssigned"
              }
            ],
            "image_cleaner_enabled": null,
            "image_cleaner_interval_hours": null,
            "ingress_application_gateway": [],
            "key_management_service": [],
            "key_vault_secrets_provider": [],
            "kube_admin_config": null,
            "kube_admin_config_raw": null,
            "kube_config": null,
            "kube_config_raw": null,
            "kubelet_identity": null,
            "kubernetes_version": null,
            "linux_profile": [],
            "local_account_disabled": null,
            "location": "centralus",
            "maintenance_window": [],
            "maintenance_window_auto_upgrade": [],
            "maintenance_window_node_os": [],
            "microsoft_defender": [],
            "monitor_metrics": [],
            "name": "prod-aks",
            "network_profile": null,
            "node_os_upgrade_channel": "NodeImage",
            "node_resource_group": null,
            "node_resource_group_id": null,
            "oidc_issuer_enabled": null,
            "oidc_issuer_url": null,
            "oms_agent": [],
            "open_service_mesh_enabled": null,
            "portal_fqdn": null,
            "private_cluster_enabled": false,
            "private_cluster_public_fqdn_enabled": false,
            "private_dns_zone_id": null,
            "private_fqdn": null,
            "resource_group_name": "xyz",
            "role_based_access_control_enabled": true,
            "run_command_enabled": true,
            "service_mesh_profile": [],
            "service_principal": [],
            "sku_tier": "Free",
            "storage_profile": [],
            "support_plan": "KubernetesOfficial",
            "tags": null,
            "timeouts": null,
            "upgrade_override": [],
            "web_app_routing": [],
            "windows_profile": null,
            "workload_autoscaler_profile": [],
            "workload_identity_enabled": false
          },
          "sensitive_attributes": [
            [
              {
                "type": "get_attr",
                "value": "kube_config_raw"
              }
            ],
            [
              {
                "type": "get_attr",
                "value": "kube_admin_config"
              }
            ],
            [
              {
                "type": "get_attr",
                "value": "kube_admin_config_raw"
              }
            ],
            [
              {
                "type": "get_attr",
                "value": "kube_config"
              }
            ]
          ],
          "private": "eyJlMmJmYjczMC1lY2FhLTExZTYtOGY4OC0zNDM2M2JjN2M0YzAiOnsiY3JlYXRlIjo1NDAwMDAwMDAwMDAwLCJkZWxldGUiOjU0MDAwMDAwMDAwMDAsInJlYWQiOjMwMDAwMDAwMDAwMCwidXBkYXRlIjo1NDAwMDAwMDAwMDAwfSwic2NoZW1hX3ZlcnNpb24iOiIyIn0="
        }
      ]
    },
    {
      "module": "module.ip",
      "mode": "managed",
      "type": "azurerm_public_ip",
      "name": "ip",
      "provider": "provider[\"registry.terraform.io/hashicorp/azurerm\"]",
      "instances": [
        {
          "index_key": "ip1",
          "schema_version": 0,
          "attributes": {
            "allocation_method": "Static",
            "ddos_protection_mode": "VirtualNetworkInherited",
            "ddos_protection_plan_id": null,
            "domain_name_label": null,
            "domain_name_label_scope": null,
            "edge_zone": "",
            "fqdn": null,
            "id": "/subscriptions/b107b989-85d9-4402-94e8-40ae932b8893/resourceGroups/xyz/providers/Microsoft.Network/publicIPAddresses/publicip12",
            "idle_timeout_in_minutes": 4,
            "ip_address": "52.154.142.167",
            "ip_tags": null,
            "ip_version": "IPv4",
            "location": "centralus",
            "name": "publicip12",
            "public_ip_prefix_id": null,
            "resource_group_name": "xyz",
            "reverse_fqdn": null,
            "sku": "Standard",
            "sku_tier": "Regional",
            "tags": null,
            "timeouts": null,
            "zones": null
          },
          "sensitive_attributes": [],
          "private": "eyJlMmJmYjczMC1lY2FhLTExZTYtOGY4OC0zNDM2M2JjN2M0YzAiOnsiY3JlYXRlIjoxODAwMDAwMDAwMDAwLCJkZWxldGUiOjE4MDAwMDAwMDAwMDAsInJlYWQiOjMwMDAwMDAwMDAwMCwidXBkYXRlIjoxODAwMDAwMDAwMDAwfX0="
        },
        {
          "index_key": "ip2",
          "schema_version": 0,
          "attributes": {
            "allocation_method": "Static",
            "ddos_protection_mode": "VirtualNetworkInherited",
            "ddos_protection_plan_id": null,
            "domain_name_label": null,
            "domain_name_label_scope": null,
            "edge_zone": "",
            "fqdn": null,
            "id": "/subscriptions/b107b989-85d9-4402-94e8-40ae932b8893/resourceGroups/xyz/providers/Microsoft.Network/publicIPAddresses/publicip123",
            "idle_timeout_in_minutes": 4,
            "ip_address": "40.122.121.0",
            "ip_tags": null,
            "ip_version": "IPv4",
            "location": "centralus",
            "name": "publicip123",
            "public_ip_prefix_id": null,
            "resource_group_name": "xyz",
            "reverse_fqdn": null,
            "sku": "Standard",
            "sku_tier": "Regional",
            "tags": null,
            "timeouts": null,
            "zones": null
          },
          "sensitive_attributes": [],
          "private": "eyJlMmJmYjczMC1lY2FhLTExZTYtOGY4OC0zNDM2M2JjN2M0YzAiOnsiY3JlYXRlIjoxODAwMDAwMDAwMDAwLCJkZWxldGUiOjE4MDAwMDAwMDAwMDAsInJlYWQiOjMwMDAwMDAwMDAwMCwidXBkYXRlIjoxODAwMDAwMDAwMDAwfX0="
        }
      ]
    }
  ],
  "check_results": null
}
